github.com/dgryski/go-metro v0.0.0-20211217172704-adc40b04c140 h1:y7y0Oa6UawqTFPCDw9JG6pdKt4F9pAhHv0B7FMGaGD0=
github.com/dgryski/go-metro v0.0.0-20211217172704-adc40b04c140/go.mod h1:c9O8+fpSOX1DM8cPNSkX/qsBWdkD4yd2dpciOWQjpBw=
github.com/dgryski/go-minhash v0.0.0-20190315135803-ad340ca03076 h1:EB7M2v8Svo3kvIDy+P1YDE22XskDQP+TEYGzeDwPAN4=
github.com/dgryski/go-minhash v0.0.0-20190315135803-ad340ca03076/go.mod h1:VBi0XHpFy0xiMySf6YpVbRqrupW4RprJ5QTyN+XvGSM=
github.com/dgryski/go-spooky v0.0.0-20170606183049-ed3d087f40e2 h1:lx1ZQgST/imDhmLpYDma1O3Cx9L+4Ie4E8S2RjFPQ30=
github.com/dgryski/go-spooky v0.0.0-20170606183049-ed3d087f40e2/go.mod h1:hgHYKsoIw7S/hlWtP7wD1wZ7SX1jPTtKko5X9jrOgPQ=
github.com/ekzhu/lshensemble v1.1.0 h1:qxuckiF7m1ARGe8zxyqmzWFgpNVAsORbatF5XIj/oYc=
github.com/ekzhu/lshensemble v1.1.0/go.mod h1:9O+7M8zbVXy2WMyTT0zgia+rsQXrX0gB9CihuFwwRK8=
github.com/gocarina/gocsv v0.0.0-20231116093920-b87c2d0e983a h1:RYfmiM0zluBJOiPDJseKLEN4BapJ42uSi9SZBQ2YyiA=
github.com/gocarina/gocsv v0.0.0-20231116093920-b87c2d0e983a/go.mod h1:5YoVOkjYAQumqlV356Hj3xeYh4BdZuLE0/nRkf2NKkI=
github.com/lib/pq v1.10.9 h1:YXG7RB+JIjhP29X+OtkiDnYaXQwpS4JEWq7dtCCRUEw=
github.com/lib/pq v1.10.9/go.mod h1:AlVN5x4E4T544tWzH6hKfbfQvm3HdbOxrmggDNAPY9o=
github.com/orcaman/concurrent-map v1.0.0 h1:I/2A2XPCb4IuQWcQhBhSwGfiuybl/J0ev9HDbW65HOY=
github.com/orcaman/concurrent-map v1.0.0/go.mod h1:Lu3tH6HLW3feq74c2GC+jIMS/K2CFcDWnWD9XkenwhI=
